
Microsoft Visual Studio Solution File, Format Version 12.00
# Visual Studio 2013
VisualStudioVersion = 12.0.40629.0
MinimumVisualStudioVersion = 10.0.40219.1
Project("{FAE04EC0-301F-11D3-BF4B-00C04F79EFBC}") = "EaseServerV12", "EaseServerV12.csproj", "{0D9F0FEA-45F7-4CE4-9868-6FB9BBE3DD4C}"
EndProject
Project("{FAE04EC0-301F-11D3-BF4B-00C04F79EFBC}") = "EaseServer.Interface", "..\EaseServer.Interface\EaseServer.Interface.csproj", "{11833570-4D84-40F2-A2F9-C5FB6537CA49}"
EndProject
Project("{FAE04EC0-301F-11D3-BF4B-00C04F79EFBC}") = "EaseServer.Performance", "..\EaseServer.Performance\EaseServer.Performance.csproj", "{94FB7F7F-FAD2-4658-9CDC-5C61EB080521}"
EndProject
Project("{FAE04EC0-301F-11D3-BF4B-00C04F79EFBC}") = "EaseServerV2", "..\EaseServerV2\EaseServerV2.csproj", "{E3ACA98A-86FD-43FA-ABC0-14F46BB4961B}"
EndProject
Global
	GlobalSection(SubversionScc) = preSolution
		Svn-Managed = True
		Manager = AnkhSVN - Subversion Support for Visual Studio
	EndGlobalSection
	GlobalSection(SolutionConfigurationPlatforms) = preSolution
		Debug|Any CPU = Debug|Any CPU
		Debug|x64 = Debug|x64
		Release x64|Any CPU = Release x64|Any CPU
		Release x64|x64 = Release x64|x64
		Release|Any CPU = Release|Any CPU
		Release|x64 = Release|x64
		UnitTest|Any CPU = UnitTest|Any CPU
		UnitTest|x64 = UnitTest|x64
	EndGlobalSection
	GlobalSection(ProjectConfigurationPlatforms) = postSolution
		{0D9F0FEA-45F7-4CE4-9868-6FB9BBE3DD4C}.Debug|Any CPU.ActiveCfg = Debug|Any CPU
		{0D9F0FEA-45F7-4CE4-9868-6FB9BBE3DD4C}.Debug|Any CPU.Build.0 = Debug|Any CPU
		{0D9F0FEA-45F7-4CE4-9868-6FB9BBE3DD4C}.Debug|x64.ActiveCfg = Debug|x64
		{0D9F0FEA-45F7-4CE4-9868-6FB9BBE3DD4C}.Debug|x64.Build.0 = Debug|x64
		{0D9F0FEA-45F7-4CE4-9868-6FB9BBE3DD4C}.Release x64|Any CPU.ActiveCfg = Release x64|Any CPU
		{0D9F0FEA-45F7-4CE4-9868-6FB9BBE3DD4C}.Release x64|Any CPU.Build.0 = Release x64|Any CPU
		{0D9F0FEA-45F7-4CE4-9868-6FB9BBE3DD4C}.Release x64|x64.ActiveCfg = Release x64|x64
		{0D9F0FEA-45F7-4CE4-9868-6FB9BBE3DD4C}.Release x64|x64.Build.0 = Release x64|x64
		{0D9F0FEA-45F7-4CE4-9868-6FB9BBE3DD4C}.Release|Any CPU.ActiveCfg = Release|Any CPU
		{0D9F0FEA-45F7-4CE4-9868-6FB9BBE3DD4C}.Release|Any CPU.Build.0 = Release|Any CPU
		{0D9F0FEA-45F7-4CE4-9868-6FB9BBE3DD4C}.Release|x64.ActiveCfg = Release|x64
		{0D9F0FEA-45F7-4CE4-9868-6FB9BBE3DD4C}.Release|x64.Build.0 = Release|x64
		{0D9F0FEA-45F7-4CE4-9868-6FB9BBE3DD4C}.UnitTest|Any CPU.ActiveCfg = Release|Any CPU
		{0D9F0FEA-45F7-4CE4-9868-6FB9BBE3DD4C}.UnitTest|Any CPU.Build.0 = Release|Any CPU
		{0D9F0FEA-45F7-4CE4-9868-6FB9BBE3DD4C}.UnitTest|x64.ActiveCfg = Release x64|x64
		{0D9F0FEA-45F7-4CE4-9868-6FB9BBE3DD4C}.UnitTest|x64.Build.0 = Release x64|x64
		{11833570-4D84-40F2-A2F9-C5FB6537CA49}.Debug|Any CPU.ActiveCfg = Debug|Any CPU
		{11833570-4D84-40F2-A2F9-C5FB6537CA49}.Debug|Any CPU.Build.0 = Debug|Any CPU
		{11833570-4D84-40F2-A2F9-C5FB6537CA49}.Debug|x64.ActiveCfg = Debug|x64
		{11833570-4D84-40F2-A2F9-C5FB6537CA49}.Debug|x64.Build.0 = Debug|x64
		{11833570-4D84-40F2-A2F9-C5FB6537CA49}.Release x64|Any CPU.ActiveCfg = Release x64|Any CPU
		{11833570-4D84-40F2-A2F9-C5FB6537CA49}.Release x64|Any CPU.Build.0 = Release x64|Any CPU
		{11833570-4D84-40F2-A2F9-C5FB6537CA49}.Release x64|x64.ActiveCfg = Release x64|x64
		{11833570-4D84-40F2-A2F9-C5FB6537CA49}.Release x64|x64.Build.0 = Release x64|x64
		{11833570-4D84-40F2-A2F9-C5FB6537CA49}.Release|Any CPU.ActiveCfg = Release|Any CPU
		{11833570-4D84-40F2-A2F9-C5FB6537CA49}.Release|Any CPU.Build.0 = Release|Any CPU
		{11833570-4D84-40F2-A2F9-C5FB6537CA49}.Release|x64.ActiveCfg = Release|x64
		{11833570-4D84-40F2-A2F9-C5FB6537CA49}.Release|x64.Build.0 = Release|x64
		{11833570-4D84-40F2-A2F9-C5FB6537CA49}.UnitTest|Any CPU.ActiveCfg = Release|Any CPU
		{11833570-4D84-40F2-A2F9-C5FB6537CA49}.UnitTest|Any CPU.Build.0 = Release|Any CPU
		{11833570-4D84-40F2-A2F9-C5FB6537CA49}.UnitTest|x64.ActiveCfg = Release x64|x64
		{11833570-4D84-40F2-A2F9-C5FB6537CA49}.UnitTest|x64.Build.0 = Release x64|x64
		{94FB7F7F-FAD2-4658-9CDC-5C61EB080521}.Debug|Any CPU.ActiveCfg = Debug|Any CPU
		{94FB7F7F-FAD2-4658-9CDC-5C61EB080521}.Debug|Any CPU.Build.0 = Debug|Any CPU
		{94FB7F7F-FAD2-4658-9CDC-5C61EB080521}.Debug|x64.ActiveCfg = Debug|x64
		{94FB7F7F-FAD2-4658-9CDC-5C61EB080521}.Debug|x64.Build.0 = Debug|x64
		{94FB7F7F-FAD2-4658-9CDC-5C61EB080521}.Release x64|Any CPU.ActiveCfg = Release x64|Any CPU
		{94FB7F7F-FAD2-4658-9CDC-5C61EB080521}.Release x64|Any CPU.Build.0 = Release x64|Any CPU
		{94FB7F7F-FAD2-4658-9CDC-5C61EB080521}.Release x64|x64.ActiveCfg = Release x64|x64
		{94FB7F7F-FAD2-4658-9CDC-5C61EB080521}.Release x64|x64.Build.0 = Release x64|x64
		{94FB7F7F-FAD2-4658-9CDC-5C61EB080521}.Release|Any CPU.ActiveCfg = Release|Any CPU
		{94FB7F7F-FAD2-4658-9CDC-5C61EB080521}.Release|Any CPU.Build.0 = Release|Any CPU
		{94FB7F7F-FAD2-4658-9CDC-5C61EB080521}.Release|x64.ActiveCfg = Release|x64
		{94FB7F7F-FAD2-4658-9CDC-5C61EB080521}.Release|x64.Build.0 = Release|x64
		{94FB7F7F-FAD2-4658-9CDC-5C61EB080521}.UnitTest|Any CPU.ActiveCfg = Release x64|Any CPU
		{94FB7F7F-FAD2-4658-9CDC-5C61EB080521}.UnitTest|Any CPU.Build.0 = Release x64|Any CPU
		{94FB7F7F-FAD2-4658-9CDC-5C61EB080521}.UnitTest|x64.ActiveCfg = Release x64|x64
		{94FB7F7F-FAD2-4658-9CDC-5C61EB080521}.UnitTest|x64.Build.0 = Release x64|x64
		{E3ACA98A-86FD-43FA-ABC0-14F46BB4961B}.Debug|Any CPU.ActiveCfg = Debug|Any CPU
		{E3ACA98A-86FD-43FA-ABC0-14F46BB4961B}.Debug|Any CPU.Build.0 = Debug|Any CPU
		{E3ACA98A-86FD-43FA-ABC0-14F46BB4961B}.Debug|x64.ActiveCfg = Debug|Any CPU
		{E3ACA98A-86FD-43FA-ABC0-14F46BB4961B}.Release x64|Any CPU.ActiveCfg = Release|Any CPU
		{E3ACA98A-86FD-43FA-ABC0-14F46BB4961B}.Release x64|Any CPU.Build.0 = Release|Any CPU
		{E3ACA98A-86FD-43FA-ABC0-14F46BB4961B}.Release x64|x64.ActiveCfg = Release|Any CPU
		{E3ACA98A-86FD-43FA-ABC0-14F46BB4961B}.Release|Any CPU.ActiveCfg = Release|Any CPU
		{E3ACA98A-86FD-43FA-ABC0-14F46BB4961B}.Release|Any CPU.Build.0 = Release|Any CPU
		{E3ACA98A-86FD-43FA-ABC0-14F46BB4961B}.Release|x64.ActiveCfg = Release|Any CPU
		{E3ACA98A-86FD-43FA-ABC0-14F46BB4961B}.UnitTest|Any CPU.ActiveCfg = Release|Any CPU
		{E3ACA98A-86FD-43FA-ABC0-14F46BB4961B}.UnitTest|Any CPU.Build.0 = Release|Any CPU
		{E3ACA98A-86FD-43FA-ABC0-14F46BB4961B}.UnitTest|x64.ActiveCfg = Release|Any CPU
	EndGlobalSection
	GlobalSection(SolutionProperties) = preSolution
		HideSolutionNode = FALSE
	EndGlobalSection
EndGlobal
